
Microsoft Visual Studio Solution File, Format Version 12.00
# Visual Studio Version 16
VisualStudioVersion = 16.0.31321.278
MinimumVisualStudioVersion = 10.0.40219.1
Project("{FAE04EC0-301F-11D3-BF4B-00C04F79EFBC}") = "SalesTax", "SalesTax\SalesTax.csproj", "{1317EAA8-8EA2-4726-9E02-809A5884313A}"
EndProject
Project("{FAE04EC0-301F-11D3-BF4B-00C04F79EFBC}") = "SalesTax.Tests", "SalesTax.Tests\SalesTax.Tests.csproj", "{8777A1D1-3477-4C60-A39A-C2CB325FE9A9}"
EndProject
Global
	GlobalSection(SolutionConfigurationPlatforms) = preSolution
		Debug|Any CPU = Debug|Any CPU
		Release|Any CPU = Release|Any CPU
	EndGlobalSection
	GlobalSection(ProjectConfigurationPlatforms) = postSolution
		{1317EAA8-8EA2-4726-9E02-809A5884313A}.Debug|Any CPU.ActiveCfg = Debug|Any CPU
		{1317EAA8-8EA2-4726-9E02-809A5884313A}.Debug|Any CPU.Build.0 = Debug|Any CPU
		{1317EAA8-8EA2-4726-9E02-809A5884313A}.Release|Any CPU.ActiveCfg = Release|Any CPU
		{1317EAA8-8EA2-4726-9E02-809A5884313A}.Release|Any CPU.Build.0 = Release|Any CPU
		{8777A1D1-3477-4C60-A39A-C2CB325FE9A9}.Debug|Any CPU.ActiveCfg = Debug|Any CPU
		{8777A1D1-3477-4C60-A39A-C2CB325FE9A9}.Debug|Any CPU.Build.0 = Debug|Any CPU
		{8777A1D1-3477-4C60-A39A-C2CB325FE9A9}.Release|Any CPU.ActiveCfg = Release|Any CPU
		{8777A1D1-3477-4C60-A39A-C2CB325FE9A9}.Release|Any CPU.Build.0 = Release|Any CPU
	EndGlobalSection
	GlobalSection(SolutionProperties) = preSolution
		HideSolutionNode = FALSE
	EndGlobalSection
	GlobalSection(ExtensibilityGlobals) = postSolution
		SolutionGuid = {C803E61B-6F0B-4C24-AC8F-5F2FCCE9E538}
	EndGlobalSection
EndGlobal
